
Microsoft Visual Studio Solution File, Format Version 12.00
# Visual Studio Version 17
VisualStudioVersion = 17.8.34322.80
MinimumVisualStudioVersion = 10.0.40219.1
Project("{FAE04EC0-301F-11D3-BF4B-00C04F79EFBC}") = "AksDemoTodoApp", "AksDemoTodoApp.csproj", "{DB4FB68A-A779-4FD1-B96C-E2B16A9DEC29}"
EndProject
Global
	GlobalSection(SolutionConfigurationPlatforms) = preSolution
		Debug|Any CPU = Debug|Any CPU
		Release|Any CPU = Release|Any CPU
	EndGlobalSection
	GlobalSection(ProjectConfigurationPlatforms) = postSolution
		{DB4FB68A-A779-4FD1-B96C-E2B16A9DEC29}.Debug|Any CPU.ActiveCfg = Debug|Any CPU
		{DB4FB68A-A779-4FD1-B96C-E2B16A9DEC29}.Debug|Any CPU.Build.0 = Debug|Any CPU
		{DB4FB68A-A779-4FD1-B96C-E2B16A9DEC29}.Release|Any CPU.ActiveCfg = Release|Any CPU
		{DB4FB68A-A779-4FD1-B96C-E2B16A9DEC29}.Release|Any CPU.Build.0 = Release|Any CPU
	EndGlobalSection
	GlobalSection(SolutionProperties) = preSolution
		HideSolutionNode = FALSE
	EndGlobalSection
	GlobalSection(ExtensibilityGlobals) = postSolution
		SolutionGuid = {F4AF213B-F2D1-4D3D-854B-39F1D77BF49E}
	EndGlobalSection
EndGlobal
